
Microsoft Visual Studio Solution File, Format Version 12.00
# Visual Studio 15
Project("{FAE04EC0-301F-11D3-BF4B-00C04F79EFBC}") = "Assembly-CSharp", "Assembly-CSharp.csproj", "{6E26B223-274E-895E-8777-FECC8E5623DA}"
EndProject
Project("{FAE04EC0-301F-11D3-BF4B-00C04F79EFBC}") = "Oculus.LipSync", "Oculus.LipSync.csproj", "{D05B7E72-67B9-BC11-6700-E7B5436DA629}"
EndProject
Project("{FAE04EC0-301F-11D3-BF4B-00C04F79EFBC}") = "Oculus.LipSync.Editor", "Oculus.LipSync.Editor.csproj", "{30E0564B-A24E-9CFA-52E7-64490764750E}"
EndProject
Project("{FAE04EC0-301F-11D3-BF4B-00C04F79EFBC}") = "Assembly-CSharp-Editor", "Assembly-CSharp-Editor.csproj", "{EC080B29-FDC8-F5DD-BB90-7C01C4117CF2}"
EndProject
Global
	GlobalSection(SolutionConfigurationPlatforms) = preSolution
		Debug|Any CPU = Debug|Any CPU
		Release|Any CPU = Release|Any CPU
	EndGlobalSection
	GlobalSection(ProjectConfigurationPlatforms) = postSolution
		{6E26B223-274E-895E-8777-FECC8E5623DA}.Debug|Any CPU.ActiveCfg = Debug|Any CPU
		{6E26B223-274E-895E-8777-FECC8E5623DA}.Debug|Any CPU.Build.0 = Debug|Any CPU
		{6E26B223-274E-895E-8777-FECC8E5623DA}.Release|Any CPU.ActiveCfg = Release|Any CPU
		{6E26B223-274E-895E-8777-FECC8E5623DA}.Release|Any CPU.Build.0 = Release|Any CPU
		{D05B7E72-67B9-BC11-6700-E7B5436DA629}.Debug|Any CPU.ActiveCfg = Debug|Any CPU
		{D05B7E72-67B9-BC11-6700-E7B5436DA629}.Debug|Any CPU.Build.0 = Debug|Any CPU
		{D05B7E72-67B9-BC11-6700-E7B5436DA629}.Release|Any CPU.ActiveCfg = Release|Any CPU
		{D05B7E72-67B9-BC11-6700-E7B5436DA629}.Release|Any CPU.Build.0 = Release|Any CPU
		{30E0564B-A24E-9CFA-52E7-64490764750E}.Debug|Any CPU.ActiveCfg = Debug|Any CPU
		{30E0564B-A24E-9CFA-52E7-64490764750E}.Debug|Any CPU.Build.0 = Debug|Any CPU
		{30E0564B-A24E-9CFA-52E7-64490764750E}.Release|Any CPU.ActiveCfg = Release|Any CPU
		{30E0564B-A24E-9CFA-52E7-64490764750E}.Release|Any CPU.Build.0 = Release|Any CPU
		{EC080B29-FDC8-F5DD-BB90-7C01C4117CF2}.Debug|Any CPU.ActiveCfg = Debug|Any CPU
		{EC080B29-FDC8-F5DD-BB90-7C01C4117CF2}.Debug|Any CPU.Build.0 = Debug|Any CPU
		{EC080B29-FDC8-F5DD-BB90-7C01C4117CF2}.Release|Any CPU.ActiveCfg = Release|Any CPU
		{EC080B29-FDC8-F5DD-BB90-7C01C4117CF2}.Release|Any CPU.Build.0 = Release|Any CPU
	EndGlobalSection
	GlobalSection(SolutionProperties) = preSolution
		HideSolutionNode = FALSE
	EndGlobalSection
EndGlobal
